
Microsoft Visual Studio Solution File, Format Version 12.00
# Visual Studio Version 17
VisualStudioVersion = 17.7.34024.191
MinimumVisualStudioVersion = 10.0.40219.1
Project("{FAE04EC0-301F-11D3-BF4B-00C04F79EFBC}") = "WCF_ReservaYoga", "WCF_ReservaYoga\WCF_ReservaYoga.csproj", "{82857E6A-2AC8-4BDF-A0ED-274FD786CA0F}"
EndProject
Project("{9A19103F-16F7-4668-BE54-9A1E7A4F7556}") = "TestWindows_WCF_Reserva", "TestWindows_WCF_Reserva\TestWindows_WCF_Reserva.csproj", "{EE232C3F-A7CA-4F0A-AC21-A293CC4DFB41}"
EndProject
Project("{FAE04EC0-301F-11D3-BF4B-00C04F79EFBC}") = "WEB_ConsultaInstructor", "WEB_ConsultaInstructor\WEB_ConsultaInstructor.csproj", "{8076CFA6-D5AB-494D-AE40-96D2B1F64766}"
	ProjectSection(ProjectDependencies) = postProject
		{82857E6A-2AC8-4BDF-A0ED-274FD786CA0F} = {82857E6A-2AC8-4BDF-A0ED-274FD786CA0F}
	EndProjectSection
EndProject
Global
	GlobalSection(SolutionConfigurationPlatforms) = preSolution
		Debug|Any CPU = Debug|Any CPU
		Release|Any CPU = Release|Any CPU
	EndGlobalSection
	GlobalSection(ProjectConfigurationPlatforms) = postSolution
		{82857E6A-2AC8-4BDF-A0ED-274FD786CA0F}.Debug|Any CPU.ActiveCfg = Debug|Any CPU
		{82857E6A-2AC8-4BDF-A0ED-274FD786CA0F}.Debug|Any CPU.Build.0 = Debug|Any CPU
		{82857E6A-2AC8-4BDF-A0ED-274FD786CA0F}.Release|Any CPU.ActiveCfg = Release|Any CPU
		{82857E6A-2AC8-4BDF-A0ED-274FD786CA0F}.Release|Any CPU.Build.0 = Release|Any CPU
		{EE232C3F-A7CA-4F0A-AC21-A293CC4DFB41}.Debug|Any CPU.ActiveCfg = Debug|Any CPU
		{EE232C3F-A7CA-4F0A-AC21-A293CC4DFB41}.Debug|Any CPU.Build.0 = Debug|Any CPU
		{EE232C3F-A7CA-4F0A-AC21-A293CC4DFB41}.Release|Any CPU.ActiveCfg = Release|Any CPU
		{EE232C3F-A7CA-4F0A-AC21-A293CC4DFB41}.Release|Any CPU.Build.0 = Release|Any CPU
		{8076CFA6-D5AB-494D-AE40-96D2B1F64766}.Debug|Any CPU.ActiveCfg = Debug|Any CPU
		{8076CFA6-D5AB-494D-AE40-96D2B1F64766}.Debug|Any CPU.Build.0 = Debug|Any CPU
		{8076CFA6-D5AB-494D-AE40-96D2B1F64766}.Release|Any CPU.ActiveCfg = Release|Any CPU
		{8076CFA6-D5AB-494D-AE40-96D2B1F64766}.Release|Any CPU.Build.0 = Release|Any CPU
	EndGlobalSection
	GlobalSection(SolutionProperties) = preSolution
		HideSolutionNode = FALSE
	EndGlobalSection
	GlobalSection(ExtensibilityGlobals) = postSolution
		SolutionGuid = {385AC038-C48F-45F8-BF90-AE237CCBE4E1}
	EndGlobalSection
EndGlobal
